
Microsoft Visual Studio Solution File, Format Version 12.00
# Visual Studio Version 16
VisualStudioVersion = 16.0.31025.194
MinimumVisualStudioVersion = 10.0.40219.1
Project("{8BC9CEB8-8B4A-11D0-8D11-00A0C91BC942}") = "OCB", "OCB\OCB.vcxproj", "{040FAF25-0BF2-4449-9AFB-A28B19A52D7C}"
EndProject
Global
	GlobalSection(SolutionConfigurationPlatforms) = preSolution
		Debug|x64 = Debug|x64
		Debug|x86 = Debug|x86
		DLL Debug|x64 = DLL Debug|x64
		DLL Debug|x86 = DLL Debug|x86
		DLL Release|x64 = DLL Release|x64
		DLL Release|x86 = DLL Release|x86
		Release|x64 = Release|x64
		Release|x86 = Release|x86
	EndGlobalSection
	GlobalSection(ProjectConfigurationPlatforms) = postSolution
		{040FAF25-0BF2-4449-9AFB-A28B19A52D7C}.Debug|x64.ActiveCfg = Debug|x64
		{040FAF25-0BF2-4449-9AFB-A28B19A52D7C}.Debug|x64.Build.0 = Debug|x64
		{040FAF25-0BF2-4449-9AFB-A28B19A52D7C}.Debug|x86.ActiveCfg = Debug|Win32
		{040FAF25-0BF2-4449-9AFB-A28B19A52D7C}.Debug|x86.Build.0 = Debug|Win32
		{040FAF25-0BF2-4449-9AFB-A28B19A52D7C}.DLL Debug|x64.ActiveCfg = Debug|x64
		{040FAF25-0BF2-4449-9AFB-A28B19A52D7C}.DLL Debug|x64.Build.0 = Debug|x64
		{040FAF25-0BF2-4449-9AFB-A28B19A52D7C}.DLL Debug|x86.ActiveCfg = Debug|Win32
		{040FAF25-0BF2-4449-9AFB-A28B19A52D7C}.DLL Debug|x86.Build.0 = Debug|Win32
		{040FAF25-0BF2-4449-9AFB-A28B19A52D7C}.DLL Release|x64.ActiveCfg = Release|x64
		{040FAF25-0BF2-4449-9AFB-A28B19A52D7C}.DLL Release|x64.Build.0 = Release|x64
		{040FAF25-0BF2-4449-9AFB-A28B19A52D7C}.DLL Release|x86.ActiveCfg = Release|Win32
		{040FAF25-0BF2-4449-9AFB-A28B19A52D7C}.DLL Release|x86.Build.0 = Release|Win32
		{040FAF25-0BF2-4449-9AFB-A28B19A52D7C}.Release|x64.ActiveCfg = Release|x64
		{040FAF25-0BF2-4449-9AFB-A28B19A52D7C}.Release|x64.Build.0 = Release|x64
		{040FAF25-0BF2-4449-9AFB-A28B19A52D7C}.Release|x86.ActiveCfg = Release|Win32
		{040FAF25-0BF2-4449-9AFB-A28B19A52D7C}.Release|x86.Build.0 = Release|Win32
	EndGlobalSection
	GlobalSection(SolutionProperties) = preSolution
		HideSolutionNode = FALSE
	EndGlobalSection
	GlobalSection(ExtensibilityGlobals) = postSolution
		SolutionGuid = {A5F29994-749A-4C7A-A0DB-ED0FE3950F93}
	EndGlobalSection
EndGlobal
